
Microsoft Visual Studio Solution File, Format Version 12.00
# Visual Studio Version 17
VisualStudioVersion = 17.4.32804.182
MinimumVisualStudioVersion = 10.0.40219.1
Project("{9A19103F-16F7-4668-BE54-9A1E7A4F7556}") = "MinimalApis.MvcSample", "src\MinimalApis.MvcSample\MinimalApis.MvcSample.csproj", "{CAE995C5-F199-4518-BB01-C7253C32E475}"
EndProject
Project("{FAE04EC0-301F-11D3-BF4B-00C04F79EFBC}") = "MinimalApis.MinimalSample", "src\MinimalApis.MinimalSample\MinimalApis.MinimalSample.csproj", "{BDC0EF63-D8BE-4981-A68D-B558BCF7ACED}"
EndProject
Global
	GlobalSection(SolutionConfigurationPlatforms) = preSolution
		Debug|Any CPU = Debug|Any CPU
		Release|Any CPU = Release|Any CPU
	EndGlobalSection
	GlobalSection(ProjectConfigurationPlatforms) = postSolution
		{CAE995C5-F199-4518-BB01-C7253C32E475}.Debug|Any CPU.ActiveCfg = Debug|Any CPU
		{CAE995C5-F199-4518-BB01-C7253C32E475}.Debug|Any CPU.Build.0 = Debug|Any CPU
		{CAE995C5-F199-4518-BB01-C7253C32E475}.Release|Any CPU.ActiveCfg = Release|Any CPU
		{CAE995C5-F199-4518-BB01-C7253C32E475}.Release|Any CPU.Build.0 = Release|Any CPU
		{BDC0EF63-D8BE-4981-A68D-B558BCF7ACED}.Debug|Any CPU.ActiveCfg = Debug|Any CPU
		{BDC0EF63-D8BE-4981-A68D-B558BCF7ACED}.Debug|Any CPU.Build.0 = Debug|Any CPU
		{BDC0EF63-D8BE-4981-A68D-B558BCF7ACED}.Release|Any CPU.ActiveCfg = Release|Any CPU
		{BDC0EF63-D8BE-4981-A68D-B558BCF7ACED}.Release|Any CPU.Build.0 = Release|Any CPU
	EndGlobalSection
	GlobalSection(SolutionProperties) = preSolution
		HideSolutionNode = FALSE
	EndGlobalSection
	GlobalSection(ExtensibilityGlobals) = postSolution
		SolutionGuid = {C84F68C5-0C48-48C3-A13C-8DFF0FF65BCE}
	EndGlobalSection
EndGlobal
