
Microsoft Visual Studio Solution File, Format Version 12.00
# Visual Studio Version 17
VisualStudioVersion = 17.4.32804.182
MinimumVisualStudioVersion = 10.0.40219.1
Project("{9A19103F-16F7-4668-BE54-9A1E7A4F7556}") = "MinimalApis.MvcSample", "src\MinimalApis.MvcSample\MinimalApis.MvcSample.csproj", "{CAE995C5-F199-4518-BB01-C7253C32E475}"
EndProject
Project("{9A19103F-16F7-4668-BE54-9A1E7A4F7556}") = "MinimalApis.MinimalSample", "src\MinimalApis.MinimalSample\MinimalApis.MinimalSample.csproj", "{BDC0EF63-D8BE-4981-A68D-B558BCF7ACED}"
EndProject
Project("{9A19103F-16F7-4668-BE54-9A1E7A4F7556}") = "MinimalApis.MinimalSample.Tests", "tests\MinimalApis.MinimalSample.Tests\MinimalApis.MinimalSample.Tests.csproj", "{0B64D078-B585-4B78-8349-B9778BF3485A}"
EndProject
Project("{9A19103F-16F7-4668-BE54-9A1E7A4F7556}") = "MinimalApis.MinimalSample.Refactored", "src\MinimalApis.MinimalSample.Refactored\MinimalApis.MinimalSample.Refactored.csproj", "{97835FEB-FFCF-4287-A542-5C6BCD480956}"
EndProject
Project("{2150E333-8FDC-42A3-9474-1A3956D46DE8}") = "Root", "Root", "{3DB98640-A573-47E6-AA4C-B92B06A64922}"
	ProjectSection(SolutionItems) = preProject
		.gitattributes = .gitattributes
		.gitignore = .gitignore
		LICENSE = LICENSE
		README.md = README.md
	EndProjectSection
EndProject
Global
	GlobalSection(SolutionConfigurationPlatforms) = preSolution
		Debug|Any CPU = Debug|Any CPU
		Release|Any CPU = Release|Any CPU
	EndGlobalSection
	GlobalSection(ProjectConfigurationPlatforms) = postSolution
		{CAE995C5-F199-4518-BB01-C7253C32E475}.Debug|Any CPU.ActiveCfg = Debug|Any CPU
		{CAE995C5-F199-4518-BB01-C7253C32E475}.Debug|Any CPU.Build.0 = Debug|Any CPU
		{CAE995C5-F199-4518-BB01-C7253C32E475}.Release|Any CPU.ActiveCfg = Release|Any CPU
		{CAE995C5-F199-4518-BB01-C7253C32E475}.Release|Any CPU.Build.0 = Release|Any CPU
		{BDC0EF63-D8BE-4981-A68D-B558BCF7ACED}.Debug|Any CPU.ActiveCfg = Debug|Any CPU
		{BDC0EF63-D8BE-4981-A68D-B558BCF7ACED}.Debug|Any CPU.Build.0 = Debug|Any CPU
		{BDC0EF63-D8BE-4981-A68D-B558BCF7ACED}.Release|Any CPU.ActiveCfg = Release|Any CPU
		{BDC0EF63-D8BE-4981-A68D-B558BCF7ACED}.Release|Any CPU.Build.0 = Release|Any CPU
		{0B64D078-B585-4B78-8349-B9778BF3485A}.Debug|Any CPU.ActiveCfg = Debug|Any CPU
		{0B64D078-B585-4B78-8349-B9778BF3485A}.Debug|Any CPU.Build.0 = Debug|Any CPU
		{0B64D078-B585-4B78-8349-B9778BF3485A}.Release|Any CPU.ActiveCfg = Release|Any CPU
		{0B64D078-B585-4B78-8349-B9778BF3485A}.Release|Any CPU.Build.0 = Release|Any CPU
		{97835FEB-FFCF-4287-A542-5C6BCD480956}.Debug|Any CPU.ActiveCfg = Debug|Any CPU
		{97835FEB-FFCF-4287-A542-5C6BCD480956}.Debug|Any CPU.Build.0 = Debug|Any CPU
		{97835FEB-FFCF-4287-A542-5C6BCD480956}.Release|Any CPU.ActiveCfg = Release|Any CPU
		{97835FEB-FFCF-4287-A542-5C6BCD480956}.Release|Any CPU.Build.0 = Release|Any CPU
	EndGlobalSection
	GlobalSection(SolutionProperties) = preSolution
		HideSolutionNode = FALSE
	EndGlobalSection
	GlobalSection(ExtensibilityGlobals) = postSolution
		SolutionGuid = {C84F68C5-0C48-48C3-A13C-8DFF0FF65BCE}
	EndGlobalSection
EndGlobal
